// !$*UTF8*$!
{
	archiveVersion = 1;
	classes = {
	};
	objectVersion = 51;
	objects = {

/* Begin PBXBuildFile section */
		90024CD42573F30A00F9DFC4 /* Results.storyboard in Resources */ = {isa = PBXBuildFile; fileRef = 90024CD32573F30A00F9DFC4 /* Results.storyboard */; };
		90024CD82573F34200F9DFC4 /* ResultsViewController.swift in Sources */ = {isa = PBXBuildFile; fileRef = 90024CD72573F34200F9DFC4 /* ResultsViewController.swift */; };
		90024CDC2573F35A00F9DFC4 /* ResultsView.swift in Sources */ = {isa = PBXBuildFile; fileRef = 90024CDB2573F35A00F9DFC4 /* ResultsView.swift */; };
		90024CDF2573F36400F9DFC4 /* ResultsViewModel.swift in Sources */ = {isa = PBXBuildFile; fileRef = 90024CDE2573F36400F9DFC4 /* ResultsViewModel.swift */; };
		90024CE62573FBD900F9DFC4 /* WinningNumbersModel.swift in Sources */ = {isa = PBXBuildFile; fileRef = 90024CE52573FBD900F9DFC4 /* WinningNumbersModel.swift */; };
		90024CEC2573FEC500F9DFC4 /* ResultsTableViewCell.swift in Sources */ = {isa = PBXBuildFile; fileRef = 90024CEA2573FEC500F9DFC4 /* ResultsTableViewCell.swift */; };
		90024CED2573FEC500F9DFC4 /* ResultsTableViewCell.xib in Resources */ = {isa = PBXBuildFile; fileRef = 90024CEB2573FEC500F9DFC4 /* ResultsTableViewCell.xib */; };
		903D6133257411B800DEF52E /* BaseModel.swift in Sources */ = {isa = PBXBuildFile; fileRef = 903D6132257411B800DEF52E /* BaseModel.swift */; };
		905C7CD92572E228004F06F0 /* MainTabBarViewController.swift in Sources */ = {isa = PBXBuildFile; fileRef = 905C7CD82572E228004F06F0 /* MainTabBarViewController.swift */; };
		905C7CDE2572E2DC004F06F0 /* FlowController.swift in Sources */ = {isa = PBXBuildFile; fileRef = 905C7CDD2572E2DC004F06F0 /* FlowController.swift */; };
		905C7CE22572E304004F06F0 /* MainFlowController.swift in Sources */ = {isa = PBXBuildFile; fileRef = 905C7CE12572E304004F06F0 /* MainFlowController.swift */; };
		905C7CE62572E350004F06F0 /* UIWindow.swift in Sources */ = {isa = PBXBuildFile; fileRef = 905C7CE52572E350004F06F0 /* UIWindow.swift */; };
		905C7CEB2572E3F2004F06F0 /* BoardViewController.swift in Sources */ = {isa = PBXBuildFile; fileRef = 905C7CEA2572E3F2004F06F0 /* BoardViewController.swift */; };
		905C7CEF2572E408004F06F0 /* BoardView.swift in Sources */ = {isa = PBXBuildFile; fileRef = 905C7CEE2572E408004F06F0 /* BoardView.swift */; };
		905C7CF22572E429004F06F0 /* BoardViewModel.swift in Sources */ = {isa = PBXBuildFile; fileRef = 905C7CF12572E429004F06F0 /* BoardViewModel.swift */; };
		905C7CF62572E471004F06F0 /* LiveDrawViewController.swift in Sources */ = {isa = PBXBuildFile; fileRef = 905C7CF52572E471004F06F0 /* LiveDrawViewController.swift */; };
		905C7CF92572E48C004F06F0 /* LiveDrawView.swift in Sources */ = {isa = PBXBuildFile; fileRef = 905C7CF82572E48C004F06F0 /* LiveDrawView.swift */; };
		905C7CFC2572E497004F06F0 /* LiveDrawViewModel.swift in Sources */ = {isa = PBXBuildFile; fileRef = 905C7CFB2572E497004F06F0 /* LiveDrawViewModel.swift */; };
		905C7CFF2572E4F8004F06F0 /* Draw.storyboard in Resources */ = {isa = PBXBuildFile; fileRef = 905C7CFE2572E4F8004F06F0 /* Draw.storyboard */; };
		905C7D022572E516004F06F0 /* Board.storyboard in Resources */ = {isa = PBXBuildFile; fileRef = 905C7D012572E516004F06F0 /* Board.storyboard */; };
		905C7D392573CA55004F06F0 /* UITextField.swift in Sources */ = {isa = PBXBuildFile; fileRef = 905C7D382573CA55004F06F0 /* UITextField.swift */; };
		905C7D3D2573CAC5004F06F0 /* TextFieldView.swift in Sources */ = {isa = PBXBuildFile; fileRef = 905C7D3C2573CAC5004F06F0 /* TextFieldView.swift */; };
		905C7D412573CAED004F06F0 /* CustomTextField.swift in Sources */ = {isa = PBXBuildFile; fileRef = 905C7D402573CAED004F06F0 /* CustomTextField.swift */; };
		905C7D492573D454004F06F0 /* CombinationCollectionViewCell.swift in Sources */ = {isa = PBXBuildFile; fileRef = 905C7D472573D454004F06F0 /* CombinationCollectionViewCell.swift */; };
		905C7D4A2573D454004F06F0 /* CombinationCollectionViewCell.xib in Resources */ = {isa = PBXBuildFile; fileRef = 905C7D482573D454004F06F0 /* CombinationCollectionViewCell.xib */; };
		905C7D4F2573D65E004F06F0 /* NumbersCollectionViewCell.swift in Sources */ = {isa = PBXBuildFile; fileRef = 905C7D4D2573D65E004F06F0 /* NumbersCollectionViewCell.swift */; };
		905C7D502573D65E004F06F0 /* NumbersCollectionViewCell.xib in Resources */ = {isa = PBXBuildFile; fileRef = 905C7D4E2573D65E004F06F0 /* NumbersCollectionViewCell.xib */; };
		905C7D532573DC94004F06F0 /* MainTabBarViewModel.swift in Sources */ = {isa = PBXBuildFile; fileRef = 905C7D522573DC94004F06F0 /* MainTabBarViewModel.swift */; };
		905C7D592573E5EE004F06F0 /* DialogView.storyboard in Resources */ = {isa = PBXBuildFile; fileRef = 905C7D572573E5EE004F06F0 /* DialogView.storyboard */; };
		905C7D5A2573E5EF004F06F0 /* DialogViewController.swift in Sources */ = {isa = PBXBuildFile; fileRef = 905C7D582573E5EE004F06F0 /* DialogViewController.swift */; };
		905C7D642573E91E004F06F0 /* Array.swift in Sources */ = {isa = PBXBuildFile; fileRef = 905C7D632573E91E004F06F0 /* Array.swift */; };
		90EF6D4625724C6300CE58A3 /* AppDelegate.swift in Sources */ = {isa = PBXBuildFile; fileRef = 90EF6D4525724C6300CE58A3 /* AppDelegate.swift */; };
		90EF6D4825724C6300CE58A3 /* SceneDelegate.swift in Sources */ = {isa = PBXBuildFile; fileRef = 90EF6D4725724C6300CE58A3 /* SceneDelegate.swift */; };
		90EF6D4D25724C6300CE58A3 /* Main.storyboard in Resources */ = {isa = PBXBuildFile; fileRef = 90EF6D4B25724C6300CE58A3 /* Main.storyboard */; };
		90EF6D4F25724C6500CE58A3 /* Assets.xcassets in Resources */ = {isa = PBXBuildFile; fileRef = 90EF6D4E25724C6500CE58A3 /* Assets.xcassets */; };
		90EF6D5225724C6500CE58A3 /* LaunchScreen.storyboard in Resources */ = {isa = PBXBuildFile; fileRef = 90EF6D5025724C6500CE58A3 /* LaunchScreen.storyboard */; };
		90EF6D6025724D4000CE58A3 /* swiftgen.sh in Resources */ = {isa = PBXBuildFile; fileRef = 90EF6D5F25724D4000CE58A3 /* swiftgen.sh */; };
		90EF6D6525724D6C00CE58A3 /* Colors.txt in Resources */ = {isa = PBXBuildFile; fileRef = 90EF6D6425724D6C00CE58A3 /* Colors.txt */; };
		90EF6D6825724D8200CE58A3 /* Constants.swift in Sources */ = {isa = PBXBuildFile; fileRef = 90EF6D6725724D8200CE58A3 /* Constants.swift */; };
		90EF6D752572561D00CE58A3 /* UpcomingRoundsTableViewCell.swift in Sources */ = {isa = PBXBuildFile; fileRef = 90EF6D732572561D00CE58A3 /* UpcomingRoundsTableViewCell.swift */; };
		90EF6D762572561D00CE58A3 /* UpcomingRoundsTableViewCell.xib in Resources */ = {isa = PBXBuildFile; fileRef = 90EF6D742572561D00CE58A3 /* UpcomingRoundsTableViewCell.xib */; };
		90EF6D882572577D00CE58A3 /* Montserrat-SemiBold.ttf in Resources */ = {isa = PBXBuildFile; fileRef = 90EF6D832572577C00CE58A3 /* Montserrat-SemiBold.ttf */; };
		90EF6D892572577D00CE58A3 /* Montserrat-Light.ttf in Resources */ = {isa = PBXBuildFile; fileRef = 90EF6D842572577D00CE58A3 /* Montserrat-Light.ttf */; };
		90EF6D8A2572577D00CE58A3 /* Montserrat-Bold.ttf in Resources */ = {isa = PBXBuildFile; fileRef = 90EF6D852572577D00CE58A3 /* Montserrat-Bold.ttf */; };
		90EF6D8B2572577D00CE58A3 /* Montserrat-Regular.ttf in Resources */ = {isa = PBXBuildFile; fileRef = 90EF6D862572577D00CE58A3 /* Montserrat-Regular.ttf */; };
		90EF6D8C2572577D00CE58A3 /* Montserrat-Medium.ttf in Resources */ = {isa = PBXBuildFile; fileRef = 90EF6D872572577D00CE58A3 /* Montserrat-Medium.ttf */; };
		90EF6DAD257259E300CE58A3 /* Images.swift in Sources */ = {isa = PBXBuildFile; fileRef = 90EF6DA9257259E300CE58A3 /* Images.swift */; };
		90EF6DAE257259E300CE58A3 /* Fonts.swift in Sources */ = {isa = PBXBuildFile; fileRef = 90EF6DAA257259E300CE58A3 /* Fonts.swift */; };
		90EF6DAF257259E300CE58A3 /* Storyboards.swift in Sources */ = {isa = PBXBuildFile; fileRef = 90EF6DAB257259E300CE58A3 /* Storyboards.swift */; };
		90EF6DB0257259E300CE58A3 /* Colors.swift in Sources */ = {isa = PBXBuildFile; fileRef = 90EF6DAC257259E300CE58A3 /* Colors.swift */; };
		90EF6DB425725C1B00CE58A3 /* UpcomingRoundsViewController.swift in Sources */ = {isa = PBXBuildFile; fileRef = 90EF6DB325725C1B00CE58A3 /* UpcomingRoundsViewController.swift */; };
		90EF6DBD25725CA000CE58A3 /* BaseViewController.swift in Sources */ = {isa = PBXBuildFile; fileRef = 90EF6DBC25725CA000CE58A3 /* BaseViewController.swift */; };
		90EF6DC025725D6800CE58A3 /* UpcomingRoundsView.swift in Sources */ = {isa = PBXBuildFile; fileRef = 90EF6DBF25725D6800CE58A3 /* UpcomingRoundsView.swift */; };
		90EF6DC325725D7300CE58A3 /* UpcomingRoundsViewModel.swift in Sources */ = {isa = PBXBuildFile; fileRef = 90EF6DC225725D7300CE58A3 /* UpcomingRoundsViewModel.swift */; };
		90EF6DCA25725F2A00CE58A3 /* DrawingModel.swift in Sources */ = {isa = PBXBuildFile; fileRef = 90EF6DC925725F2A00CE58A3 /* DrawingModel.swift */; };
		90EF6DCE2572627300CE58A3 /* APIManager.swift in Sources */ = {isa = PBXBuildFile; fileRef = 90EF6DCD2572627300CE58A3 /* APIManager.swift */; };
		A18C6265109F8B6CFA4D3BDC /* Pods_GrckiKino.framework in Frameworks */ = {isa = PBXBuildFile; fileRef = 35DA01637F17D57C192BA18D /* Pods_GrckiKino.framework */; };
/* End PBXBuildFile section */

/* Begin PBXFileReference section */
		35DA01637F17D57C192BA18D /* Pods_GrckiKino.framework */ = {isa = PBXFileReference; explicitFileType = wrapper.framework; includeInIndex = 0; path = Pods_GrckiKino.framework; sourceTree = BUILT_PRODUCTS_DIR; };
		80D47557851EA33B4C787845 /* Pods-GrckiKino.release.xcconfig */ = {isa = PBXFileReference; includeInIndex = 1; lastKnownFileType = text.xcconfig; name = "Pods-GrckiKino.release.xcconfig"; path = "Target Support Files/Pods-GrckiKino/Pods-GrckiKino.release.xcconfig"; sourceTree = "<group>"; };
		90024CD32573F30A00F9DFC4 /* Results.storyboard */ = {isa = PBXFileReference; lastKnownFileType = file.storyboard; path = Results.storyboard; sourceTree = "<group>"; };
		90024CD72573F34200F9DFC4 /* ResultsViewController.swift */ = {isa = PBXFileReference; lastKnownFileType = sourcecode.swift; path = ResultsViewController.swift; sourceTree = "<group>"; };
		90024CDB2573F35A00F9DFC4 /* ResultsView.swift */ = {isa = PBXFileReference; lastKnownFileType = sourcecode.swift; path = ResultsView.swift; sourceTree = "<group>"; };
		90024CDE2573F36400F9DFC4 /* ResultsViewModel.swift */ = {isa = PBXFileReference; lastKnownFileType = sourcecode.swift; path = ResultsViewModel.swift; sourceTree = "<group>"; };
		90024CE52573FBD900F9DFC4 /* WinningNumbersModel.swift */ = {isa = PBXFileReference; lastKnownFileType = sourcecode.swift; path = WinningNumbersModel.swift; sourceTree = "<group>"; };
		90024CEA2573FEC500F9DFC4 /* ResultsTableViewCell.swift */ = {isa = PBXFileReference; lastKnownFileType = sourcecode.swift; path = ResultsTableViewCell.swift; sourceTree = "<group>"; };
		90024CEB2573FEC500F9DFC4 /* ResultsTableViewCell.xib */ = {isa = PBXFileReference; lastKnownFileType = file.xib; path = ResultsTableViewCell.xib; sourceTree = "<group>"; };
		903D6132257411B800DEF52E /* BaseModel.swift */ = {isa = PBXFileReference; lastKnownFileType = sourcecode.swift; path = BaseModel.swift; sourceTree = "<group>"; };
		905C7CD82572E228004F06F0 /* MainTabBarViewController.swift */ = {isa = PBXFileReference; lastKnownFileType = sourcecode.swift; path = MainTabBarViewController.swift; sourceTree = "<group>"; };
		905C7CDD2572E2DC004F06F0 /* FlowController.swift */ = {isa = PBXFileReference; lastKnownFileType = sourcecode.swift; path = FlowController.swift; sourceTree = "<group>"; };
		905C7CE12572E304004F06F0 /* MainFlowController.swift */ = {isa = PBXFileReference; lastKnownFileType = sourcecode.swift; path = MainFlowController.swift; sourceTree = "<group>"; };
		905C7CE52572E350004F06F0 /* UIWindow.swift */ = {isa = PBXFileReference; lastKnownFileType = sourcecode.swift; path = UIWindow.swift; sourceTree = "<group>"; };
		905C7CEA2572E3F2004F06F0 /* BoardViewController.swift */ = {isa = PBXFileReference; lastKnownFileType = sourcecode.swift; path = BoardViewController.swift; sourceTree = "<group>"; };
		905C7CEE2572E408004F06F0 /* BoardView.swift */ = {isa = PBXFileReference; lastKnownFileType = sourcecode.swift; path = BoardView.swift; sourceTree = "<group>"; };
		905C7CF12572E429004F06F0 /* BoardViewModel.swift */ = {isa = PBXFileReference; lastKnownFileType = sourcecode.swift; path = BoardViewModel.swift; sourceTree = "<group>"; };
		905C7CF52572E471004F06F0 /* LiveDrawViewController.swift */ = {isa = PBXFileReference; lastKnownFileType = sourcecode.swift; path = LiveDrawViewController.swift; sourceTree = "<group>"; };
		905C7CF82572E48C004F06F0 /* LiveDrawView.swift */ = {isa = PBXFileReference; lastKnownFileType = sourcecode.swift; path = LiveDrawView.swift; sourceTree = "<group>"; };
		905C7CFB2572E497004F06F0 /* LiveDrawViewModel.swift */ = {isa = PBXFileReference; lastKnownFileType = sourcecode.swift; path = LiveDrawViewModel.swift; sourceTree = "<group>"; };
		905C7CFE2572E4F8004F06F0 /* Draw.storyboard */ = {isa = PBXFileReference; lastKnownFileType = file.storyboard; path = Draw.storyboard; sourceTree = "<group>"; };
		905C7D012572E516004F06F0 /* Board.storyboard */ = {isa = PBXFileReference; lastKnownFileType = file.storyboard; path = Board.storyboard; sourceTree = "<group>"; };
		905C7D382573CA55004F06F0 /* UITextField.swift */ = {isa = PBXFileReference; lastKnownFileType = sourcecode.swift; path = UITextField.swift; sourceTree = "<group>"; };
		905C7D3C2573CAC5004F06F0 /* TextFieldView.swift */ = {isa = PBXFileReference; lastKnownFileType = sourcecode.swift; path = TextFieldView.swift; sourceTree = "<group>"; };
		905C7D402573CAED004F06F0 /* CustomTextField.swift */ = {isa = PBXFileReference; lastKnownFileType = sourcecode.swift; path = CustomTextField.swift; sourceTree = "<group>"; };
		905C7D472573D454004F06F0 /* CombinationCollectionViewCell.swift */ = {isa = PBXFileReference; lastKnownFileType = sourcecode.swift; path = CombinationCollectionViewCell.swift; sourceTree = "<group>"; };
		905C7D482573D454004F06F0 /* CombinationCollectionViewCell.xib */ = {isa = PBXFileReference; lastKnownFileType = file.xib; path = CombinationCollectionViewCell.xib; sourceTree = "<group>"; };
		905C7D4D2573D65E004F06F0 /* NumbersCollectionViewCell.swift */ = {isa = PBXFileReference; lastKnownFileType = sourcecode.swift; path = NumbersCollectionViewCell.swift; sourceTree = "<group>"; };
		905C7D4E2573D65E004F06F0 /* NumbersCollectionViewCell.xib */ = {isa = PBXFileReference; lastKnownFileType = file.xib; path = NumbersCollectionViewCell.xib; sourceTree = "<group>"; };
		905C7D522573DC94004F06F0 /* MainTabBarViewModel.swift */ = {isa = PBXFileReference; lastKnownFileType = sourcecode.swift; path = MainTabBarViewModel.swift; sourceTree = "<group>"; };
		905C7D572573E5EE004F06F0 /* DialogView.storyboard */ = {isa = PBXFileReference; fileEncoding = 4; lastKnownFileType = file.storyboard; path = DialogView.storyboard; sourceTree = "<group>"; };
		905C7D582573E5EE004F06F0 /* DialogViewController.swift */ = {isa = PBXFileReference; fileEncoding = 4; lastKnownFileType = sourcecode.swift; path = DialogViewController.swift; sourceTree = "<group>"; };
		905C7D632573E91E004F06F0 /* Array.swift */ = {isa = PBXFileReference; lastKnownFileType = sourcecode.swift; path = Array.swift; sourceTree = "<group>"; };
		90EF6D4225724C6300CE58A3 /* GrckiKino.app */ = {isa = PBXFileReference; explicitFileType = wrapper.application; includeInIndex = 0; path = GrckiKino.app; sourceTree = BUILT_PRODUCTS_DIR; };
		90EF6D4525724C6300CE58A3 /* AppDelegate.swift */ = {isa = PBXFileReference; lastKnownFileType = sourcecode.swift; path = AppDelegate.swift; sourceTree = "<group>"; };
		90EF6D4725724C6300CE58A3 /* SceneDelegate.swift */ = {isa = PBXFileReference; lastKnownFileType = sourcecode.swift; path = SceneDelegate.swift; sourceTree = "<group>"; };
		90EF6D4C25724C6300CE58A3 /* Base */ = {isa = PBXFileReference; lastKnownFileType = file.storyboard; name = Base; path = Base.lproj/Main.storyboard; sourceTree = "<group>"; };
		90EF6D4E25724C6500CE58A3 /* Assets.xcassets */ = {isa = PBXFileReference; lastKnownFileType = folder.assetcatalog; path = Assets.xcassets; sourceTree = "<group>"; };
		90EF6D5125724C6500CE58A3 /* Base */ = {isa = PBXFileReference; lastKnownFileType = file.storyboard; name = Base; path = Base.lproj/LaunchScreen.storyboard; sourceTree = "<group>"; };
		90EF6D5325724C6500CE58A3 /* Info.plist */ = {isa = PBXFileReference; lastKnownFileType = text.plist.xml; path = Info.plist; sourceTree = "<group>"; };
		90EF6D5F25724D4000CE58A3 /* swiftgen.sh */ = {isa = PBXFileReference; lastKnownFileType = text.script.sh; path = swiftgen.sh; sourceTree = "<group>"; };
		90EF6D6425724D6C00CE58A3 /* Colors.txt */ = {isa = PBXFileReference; fileEncoding = 4; lastKnownFileType = text; path = Colors.txt; sourceTree = "<group>"; };
		90EF6D6725724D8200CE58A3 /* Constants.swift */ = {isa = PBXFileReference; lastKnownFileType = sourcecode.swift; path = Constants.swift; sourceTree = "<group>"; };
		90EF6D732572561D00CE58A3 /* UpcomingRoundsTableViewCell.swift */ = {isa = PBXFileReference; lastKnownFileType = sourcecode.swift; path = UpcomingRoundsTableViewCell.swift; sourceTree = "<group>"; };
		90EF6D742572561D00CE58A3 /* UpcomingRoundsTableViewCell.xib */ = {isa = PBXFileReference; lastKnownFileType = file.xib; path = UpcomingRoundsTableViewCell.xib; sourceTree = "<group>"; };
		90EF6D832572577C00CE58A3 /* Montserrat-SemiBold.ttf */ = {isa = PBXFileReference; lastKnownFileType = file; path = "Montserrat-SemiBold.ttf"; sourceTree = "<group>"; };
		90EF6D842572577D00CE58A3 /* Montserrat-Light.ttf */ = {isa = PBXFileReference; lastKnownFileType = file; path = "Montserrat-Light.ttf"; sourceTree = "<group>"; };
		90EF6D852572577D00CE58A3 /* Montserrat-Bold.ttf */ = {isa = PBXFileReference; lastKnownFileType = file; path = "Montserrat-Bold.ttf"; sourceTree = "<group>"; };
		90EF6D862572577D00CE58A3 /* Montserrat-Regular.ttf */ = {isa = PBXFileReference; lastKnownFileType = file; path = "Montserrat-Regular.ttf"; sourceTree = "<group>"; };
		90EF6D872572577D00CE58A3 /* Montserrat-Medium.ttf */ = {isa = PBXFileReference; lastKnownFileType = file; path = "Montserrat-Medium.ttf"; sourceTree = "<group>"; };
		90EF6DA9257259E300CE58A3 /* Images.swift */ = {isa = PBXFileReference; fileEncoding = 4; lastKnownFileType = sourcecode.swift; path = Images.swift; sourceTree = "<group>"; };
		90EF6DAA257259E300CE58A3 /* Fonts.swift */ = {isa = PBXFileReference; fileEncoding = 4; lastKnownFileType = sourcecode.swift; path = Fonts.swift; sourceTree = "<group>"; };
		90EF6DAB257259E300CE58A3 /* Storyboards.swift */ = {isa = PBXFileReference; fileEncoding = 4; lastKnownFileType = sourcecode.swift; path = Storyboards.swift; sourceTree = "<group>"; };
		90EF6DAC257259E300CE58A3 /* Colors.swift */ = {isa = PBXFileReference; fileEncoding = 4; lastKnownFileType = sourcecode.swift; path = Colors.swift; sourceTree = "<group>"; };
		90EF6DB325725C1B00CE58A3 /* UpcomingRoundsViewController.swift */ = {isa = PBXFileReference; lastKnownFileType = sourcecode.swift; path = UpcomingRoundsViewController.swift; sourceTree = "<group>"; };
		90EF6DBC25725CA000CE58A3 /* BaseViewController.swift */ = {isa = PBXFileReference; fileEncoding = 4; lastKnownFileType = sourcecode.swift; path = BaseViewController.swift; sourceTree = "<group>"; };
		90EF6DBF25725D6800CE58A3 /* UpcomingRoundsView.swift */ = {isa = PBXFileReference; lastKnownFileType = sourcecode.swift; path = UpcomingRoundsView.swift; sourceTree = "<group>"; };
		90EF6DC225725D7300CE58A3 /* UpcomingRoundsViewModel.swift */ = {isa = PBXFileReference; lastKnownFileType = sourcecode.swift; path = UpcomingRoundsViewModel.swift; sourceTree = "<group>"; };
		90EF6DC925725F2A00CE58A3 /* DrawingModel.swift */ = {isa = PBXFileReference; lastKnownFileType = sourcecode.swift; path = DrawingModel.swift; sourceTree = "<group>"; };
		90EF6DCD2572627300CE58A3 /* APIManager.swift */ = {isa = PBXFileReference; lastKnownFileType = sourcecode.swift; path = APIManager.swift; sourceTree = "<group>"; };
		AC704138B48CA0104EACEEBC /* Pods-GrckiKino.debug.xcconfig */ = {isa = PBXFileReference; includeInIndex = 1; lastKnownFileType = text.xcconfig; name = "Pods-GrckiKino.debug.xcconfig"; path = "Target Support Files/Pods-GrckiKino/Pods-GrckiKino.debug.xcconfig"; sourceTree = "<group>"; };
/* End PBXFileReference section */

/* Begin PBXFrameworksBuildPhase section */
		90EF6D3F25724C6300CE58A3 /* Frameworks */ = {
			isa = PBXFrameworksBuildPhase;
			buildActionMask = 2147483647;
			files = (
				A18C6265109F8B6CFA4D3BDC /* Pods_GrckiKino.framework in Frameworks */,
			);
			runOnlyForDeploymentPostprocessing = 0;
		};
/* End PBXFrameworksBuildPhase section */

/* Begin PBXGroup section */
		7365E4F7FD9D4AE034BCF6C7 /* Frameworks */ = {
			isa = PBXGroup;
			children = (
				35DA01637F17D57C192BA18D /* Pods_GrckiKino.framework */,
			);
			name = Frameworks;
			sourceTree = "<group>";
		};
		8048CC9EEB1F9C1317EE709E /* Pods */ = {
			isa = PBXGroup;
			children = (
				AC704138B48CA0104EACEEBC /* Pods-GrckiKino.debug.xcconfig */,
				80D47557851EA33B4C787845 /* Pods-GrckiKino.release.xcconfig */,
			);
			path = Pods;
			sourceTree = "<group>";
		};
		90024CD62573F33100F9DFC4 /* Results */ = {
			isa = PBXGroup;
			children = (
				90024CD72573F34200F9DFC4 /* ResultsViewController.swift */,
				90024CDB2573F35A00F9DFC4 /* ResultsView.swift */,
				90024CDE2573F36400F9DFC4 /* ResultsViewModel.swift */,
			);
			path = Results;
			sourceTree = "<group>";
		};
		90024CE92573FEB000F9DFC4 /* Results */ = {
			isa = PBXGroup;
			children = (
				90024CEA2573FEC500F9DFC4 /* ResultsTableViewCell.swift */,
				90024CEB2573FEC500F9DFC4 /* ResultsTableViewCell.xib */,
			);
			path = Results;
			sourceTree = "<group>";
		};
		905C7CD72572E20B004F06F0 /* TabBar */ = {
			isa = PBXGroup;
			children = (
				905C7CD82572E228004F06F0 /* MainTabBarViewController.swift */,
				905C7D522573DC94004F06F0 /* MainTabBarViewModel.swift */,
			);
			path = TabBar;
			sourceTree = "<group>";
		};
		905C7CDC2572E2D1004F06F0 /* FlowController */ = {
			isa = PBXGroup;
			children = (
				905C7CDD2572E2DC004F06F0 /* FlowController.swift */,
				905C7CE12572E304004F06F0 /* MainFlowController.swift */,
			);
			path = FlowController;
			sourceTree = "<group>";
		};
		905C7CE42572E347004F06F0 /* Extension */ = {
			isa = PBXGroup;
			children = (
				905C7CE52572E350004F06F0 /* UIWindow.swift */,
				905C7D382573CA55004F06F0 /* UITextField.swift */,
				905C7D632573E91E004F06F0 /* Array.swift */,
			);
			path = Extension;
			sourceTree = "<group>";
		};
		905C7CE92572E3E0004F06F0 /* Board */ = {
			isa = PBXGroup;
			children = (
				905C7CEA2572E3F2004F06F0 /* BoardViewController.swift */,
				905C7CEE2572E408004F06F0 /* BoardView.swift */,
				905C7CF12572E429004F06F0 /* BoardViewModel.swift */,
			);
			path = Board;
			sourceTree = "<group>";
		};
		905C7CF42572E442004F06F0 /* LiveDraw */ = {
			isa = PBXGroup;
			children = (
				905C7CF52572E471004F06F0 /* LiveDrawViewController.swift */,
				905C7CF82572E48C004F06F0 /* LiveDrawView.swift */,
				905C7CFB2572E497004F06F0 /* LiveDrawViewModel.swift */,
			);
			path = LiveDraw;
			sourceTree = "<group>";
		};
		905C7D3B2573CA8B004F06F0 /* TextFieldView */ = {
			isa = PBXGroup;
			children = (
				905C7D3C2573CAC5004F06F0 /* TextFieldView.swift */,
			);
			path = TextFieldView;
			sourceTree = "<group>";
		};
		905C7D3F2573CADF004F06F0 /* TextField */ = {
			isa = PBXGroup;
			children = (
				905C7D402573CAED004F06F0 /* CustomTextField.swift */,
			);
			path = TextField;
			sourceTree = "<group>";
		};
		905C7D442573D424004F06F0 /* CollectionViewCells */ = {
			isa = PBXGroup;
			children = (
				905C7D462573D43B004F06F0 /* CombinationCell */,
				905C7D452573D42F004F06F0 /* NumbersCell */,
			);
			path = CollectionViewCells;
			sourceTree = "<group>";
		};
		905C7D452573D42F004F06F0 /* NumbersCell */ = {
			isa = PBXGroup;
			children = (
				905C7D4D2573D65E004F06F0 /* NumbersCollectionViewCell.swift */,
				905C7D4E2573D65E004F06F0 /* NumbersCollectionViewCell.xib */,
			);
			path = NumbersCell;
			sourceTree = "<group>";
		};
		905C7D462573D43B004F06F0 /* CombinationCell */ = {
			isa = PBXGroup;
			children = (
				905C7D472573D454004F06F0 /* CombinationCollectionViewCell.swift */,
				905C7D482573D454004F06F0 /* CombinationCollectionViewCell.xib */,
			);
			path = CombinationCell;
			sourceTree = "<group>";
		};
		905C7D552573E5D6004F06F0 /* Helper */ = {
			isa = PBXGroup;
			children = (
				905C7D562573E5DB004F06F0 /* DialogView */,
			);
			path = Helper;
			sourceTree = "<group>";
		};
		905C7D562573E5DB004F06F0 /* DialogView */ = {
			isa = PBXGroup;
			children = (
				905C7D572573E5EE004F06F0 /* DialogView.storyboard */,
				905C7D582573E5EE004F06F0 /* DialogViewController.swift */,
			);
			path = DialogView;
			sourceTree = "<group>";
		};
		90EF6D3925724C6300CE58A3 = {
			isa = PBXGroup;
			children = (
				90EF6D4425724C6300CE58A3 /* GrckiKino */,
				90EF6D4325724C6300CE58A3 /* Products */,
				8048CC9EEB1F9C1317EE709E /* Pods */,
				7365E4F7FD9D4AE034BCF6C7 /* Frameworks */,
			);
			sourceTree = "<group>";
		};
		90EF6D4325724C6300CE58A3 /* Products */ = {
			isa = PBXGroup;
			children = (
				90EF6D4225724C6300CE58A3 /* GrckiKino.app */,
			);
			name = Products;
			sourceTree = "<group>";
		};
		90EF6D4425724C6300CE58A3 /* GrckiKino */ = {
			isa = PBXGroup;
			children = (
				905C7D552573E5D6004F06F0 /* Helper */,
				905C7CE42572E347004F06F0 /* Extension */,
				905C7CDC2572E2D1004F06F0 /* FlowController */,
				90EF6DCC2572624C00CE58A3 /* API */,
				90EF6DC825725F1500CE58A3 /* Models */,
				90EF6D702572559300CE58A3 /* Views */,
				90EF6D6E2572536900CE58A3 /* Assets */,
				90EF6D6C2572535300CE58A3 /* Scenes */,
				90EF6D6B2572534300CE58A3 /* Storyboards */,
				90EF6D6A2572533000CE58A3 /* AppDelegate */,
				90EF6D5C25724D1900CE58A3 /* Util */,
				90EF6D5325724C6500CE58A3 /* Info.plist */,
			);
			path = GrckiKino;
			sourceTree = "<group>";
		};
		90EF6D5C25724D1900CE58A3 /* Util */ = {
			isa = PBXGroup;
			children = (
				90EF6D5D25724D2100CE58A3 /* Config */,
				90EF6D822572575C00CE58A3 /* Fonts */,
				90EF6D6425724D6C00CE58A3 /* Colors.txt */,
				90EF6D6725724D8200CE58A3 /* Constants.swift */,
			);
			path = Util;
			sourceTree = "<group>";
		};
		90EF6D5D25724D2100CE58A3 /* Config */ = {
			isa = PBXGroup;
			children = (
				90EF6D6325724D5A00CE58A3 /* Swiftgen */,
				90EF6D5F25724D4000CE58A3 /* swiftgen.sh */,
			);
			path = Config;
			sourceTree = "<group>";
		};
		90EF6D6325724D5A00CE58A3 /* Swiftgen */ = {
			isa = PBXGroup;
			children = (
				90EF6DAC257259E300CE58A3 /* Colors.swift */,
				90EF6DAA257259E300CE58A3 /* Fonts.swift */,
				90EF6DA9257259E300CE58A3 /* Images.swift */,
				90EF6DAB257259E300CE58A3 /* Storyboards.swift */,
			);
			path = Swiftgen;
			sourceTree = "<group>";
		};
		90EF6D6A2572533000CE58A3 /* AppDelegate */ = {
			isa = PBXGroup;
			children = (
				90EF6D4525724C6300CE58A3 /* AppDelegate.swift */,
				90EF6D4725724C6300CE58A3 /* SceneDelegate.swift */,
			);
			path = AppDelegate;
			sourceTree = "<group>";
		};
		90EF6D6B2572534300CE58A3 /* Storyboards */ = {
			isa = PBXGroup;
			children = (
				90EF6D4B25724C6300CE58A3 /* Main.storyboard */,
				90EF6D5025724C6500CE58A3 /* LaunchScreen.storyboard */,
				905C7CFE2572E4F8004F06F0 /* Draw.storyboard */,
				905C7D012572E516004F06F0 /* Board.storyboard */,
				90024CD32573F30A00F9DFC4 /* Results.storyboard */,
			);
			path = Storyboards;
			sourceTree = "<group>";
		};
		90EF6D6C2572535300CE58A3 /* Scenes */ = {
			isa = PBXGroup;
			children = (
				90024CD62573F33100F9DFC4 /* Results */,
				905C7CF42572E442004F06F0 /* LiveDraw */,
				905C7CE92572E3E0004F06F0 /* Board */,
				905C7CD72572E20B004F06F0 /* TabBar */,
				90EF6DBC25725CA000CE58A3 /* BaseViewController.swift */,
				90EF6DB225725C0700CE58A3 /* Rounds */,
			);
			path = Scenes;
			sourceTree = "<group>";
		};
		90EF6D6E2572536900CE58A3 /* Assets */ = {
			isa = PBXGroup;
			children = (
				90EF6D4E25724C6500CE58A3 /* Assets.xcassets */,
			);
			path = Assets;
			sourceTree = "<group>";
		};
		90EF6D702572559300CE58A3 /* Views */ = {
			isa = PBXGroup;
			children = (
				905C7D442573D424004F06F0 /* CollectionViewCells */,
				905C7D3F2573CADF004F06F0 /* TextField */,
				905C7D3B2573CA8B004F06F0 /* TextFieldView */,
				90EF6D712572559D00CE58A3 /* TableViewCells */,
			);
			path = Views;
			sourceTree = "<group>";
		};
		90EF6D712572559D00CE58A3 /* TableViewCells */ = {
			isa = PBXGroup;
			children = (
				90024CE92573FEB000F9DFC4 /* Results */,
				90EF6D72257255A800CE58A3 /* UpcomingRounds */,
			);
			path = TableViewCells;
			sourceTree = "<group>";
		};
		90EF6D72257255A800CE58A3 /* UpcomingRounds */ = {
			isa = PBXGroup;
			children = (
				90EF6D732572561D00CE58A3 /* UpcomingRoundsTableViewCell.swift */,
				90EF6D742572561D00CE58A3 /* UpcomingRoundsTableViewCell.xib */,
			);
			path = UpcomingRounds;
			sourceTree = "<group>";
		};
		90EF6D822572575C00CE58A3 /* Fonts */ = {
			isa = PBXGroup;
			children = (
				90EF6D852572577D00CE58A3 /* Montserrat-Bold.ttf */,
				90EF6D842572577D00CE58A3 /* Montserrat-Light.ttf */,
				90EF6D872572577D00CE58A3 /* Montserrat-Medium.ttf */,
				90EF6D862572577D00CE58A3 /* Montserrat-Regular.ttf */,
				90EF6D832572577C00CE58A3 /* Montserrat-SemiBold.ttf */,
			);
			path = Fonts;
			sourceTree = "<group>";
		};
		90EF6DB225725C0700CE58A3 /* Rounds */ = {
			isa = PBXGroup;
			children = (
				90EF6DB325725C1B00CE58A3 /* UpcomingRoundsViewController.swift */,
				90EF6DBF25725D6800CE58A3 /* UpcomingRoundsView.swift */,
				90EF6DC225725D7300CE58A3 /* UpcomingRoundsViewModel.swift */,
			);
			path = Rounds;
			sourceTree = "<group>";
		};
		90EF6DC825725F1500CE58A3 /* Models */ = {
			isa = PBXGroup;
			children = (
				90EF6DC925725F2A00CE58A3 /* DrawingModel.swift */,
				90024CE52573FBD900F9DFC4 /* WinningNumbersModel.swift */,
				903D6132257411B800DEF52E /* BaseModel.swift */,
			);
			path = Models;
			sourceTree = "<group>";
		};
		90EF6DCC2572624C00CE58A3 /* API */ = {
			isa = PBXGroup;
			children = (
				90EF6DCD2572627300CE58A3 /* APIManager.swift */,
			);
			path = API;
			sourceTree = "<group>";
		};
/* End PBXGroup section */

/* Begin PBXNativeTarget section */
		90EF6D4125724C6300CE58A3 /* GrckiKino */ = {
			isa = PBXNativeTarget;
			buildConfigurationList = 90EF6D5625724C6500CE58A3 /* Build configuration list for PBXNativeTarget "GrckiKino" */;
			buildPhases = (
				523BDAF3C630FA4C52B0880F /* [CP] Check Pods Manifest.lock */,
				90EF6D5B25724D0500CE58A3 /* Swifgen */,
				90EF6D3E25724C6300CE58A3 /* Sources */,
				90EF6D3F25724C6300CE58A3 /* Frameworks */,
				90EF6D4025724C6300CE58A3 /* Resources */,
				9CC2A2E01924B82ED55CFBE8 /* [CP] Embed Pods Frameworks */,
			);
			buildRules = (
			);
			dependencies = (
			);
			name = GrckiKino;
			productName = GrckiKino;
			productReference = 90EF6D4225724C6300CE58A3 /* GrckiKino.app */;
			productType = "com.apple.product-type.application";
		};
/* End PBXNativeTarget section */

/* Begin PBXProject section */
		90EF6D3A25724C6300CE58A3 /* Project object */ = {
			isa = PBXProject;
			attributes = {
				LastSwiftUpdateCheck = 1220;
				LastUpgradeCheck = 1220;
				TargetAttributes = {
					90EF6D4125724C6300CE58A3 = {
						CreatedOnToolsVersion = 12.2;
					};
				};
			};
			buildConfigurationList = 90EF6D3D25724C6300CE58A3 /* Build configuration list for PBXProject "GrckiKino" */;
			compatibilityVersion = "Xcode 9.3";
			developmentRegion = en;
			hasScannedForEncodings = 0;
			knownRegions = (
				en,
				Base,
			);
			mainGroup = 90EF6D3925724C6300CE58A3;
			productRefGroup = 90EF6D4325724C6300CE58A3 /* Products */;
			projectDirPath = "";
			projectRoot = "";
			targets = (
				90EF6D4125724C6300CE58A3 /* GrckiKino */,
			);
		};
/* End PBXProject section */

/* Begin PBXResourcesBuildPhase section */
		90EF6D4025724C6300CE58A3 /* Resources */ = {
			isa = PBXResourcesBuildPhase;
			buildActionMask = 2147483647;
			files = (
				90EF6D5225724C6500CE58A3 /* LaunchScreen.storyboard in Resources */,
				90EF6D4F25724C6500CE58A3 /* Assets.xcassets in Resources */,
				905C7D022572E516004F06F0 /* Board.storyboard in Resources */,
				90EF6D4D25724C6300CE58A3 /* Main.storyboard in Resources */,
				90EF6D882572577D00CE58A3 /* Montserrat-SemiBold.ttf in Resources */,
				90EF6D892572577D00CE58A3 /* Montserrat-Light.ttf in Resources */,
				905C7D4A2573D454004F06F0 /* CombinationCollectionViewCell.xib in Resources */,
				905C7D592573E5EE004F06F0 /* DialogView.storyboard in Resources */,
				90024CED2573FEC500F9DFC4 /* ResultsTableViewCell.xib in Resources */,
				90EF6D8A2572577D00CE58A3 /* Montserrat-Bold.ttf in Resources */,
				90024CD42573F30A00F9DFC4 /* Results.storyboard in Resources */,
				90EF6D6525724D6C00CE58A3 /* Colors.txt in Resources */,
				90EF6D762572561D00CE58A3 /* UpcomingRoundsTableViewCell.xib in Resources */,
				905C7D502573D65E004F06F0 /* NumbersCollectionViewCell.xib in Resources */,
				905C7CFF2572E4F8004F06F0 /* Draw.storyboard in Resources */,
				90EF6D8B2572577D00CE58A3 /* Montserrat-Regular.ttf in Resources */,
				90EF6D8C2572577D00CE58A3 /* Montserrat-Medium.ttf in Resources */,
				90EF6D6025724D4000CE58A3 /* swiftgen.sh in Resources */,
			);
			runOnlyForDeploymentPostprocessing = 0;
		};
/* End PBXResourcesBuildPhase section */

/* Begin PBXShellScriptBuildPhase section */
		523BDAF3C630FA4C52B0880F /* [CP] Check Pods Manifest.lock */ = {
			isa = PBXShellScriptBuildPhase;
			buildActionMask = 2147483647;
			files = (
			);
			inputFileListPaths = (
			);
			inputPaths = (
				"${PODS_PODFILE_DIR_PATH}/Podfile.lock",
				"${PODS_ROOT}/Manifest.lock",
			);
			name = "[CP] Check Pods Manifest.lock";
			outputFileListPaths = (
			);
			outputPaths = (
				"$(DERIVED_FILE_DIR)/Pods-GrckiKino-checkManifestLockResult.txt",
			);
			runOnlyForDeploymentPostprocessing = 0;
			shellPath = /bin/sh;
			shellScript = "diff \"${PODS_PODFILE_DIR_PATH}/Podfile.lock\" \"${PODS_ROOT}/Manifest.lock\" > /dev/null\nif [ $? != 0 ] ; then\n    # print error to STDERR\n    echo \"error: The sandbox is not in sync with the Podfile.lock. Run 'pod install' or update your CocoaPods installation.\" >&2\n    exit 1\nfi\n# This output is used by Xcode 'outputs' to avoid re-running this script phase.\necho \"SUCCESS\" > \"${SCRIPT_OUTPUT_FILE_0}\"\n";
			showEnvVarsInLog = 0;
		};
		90EF6D5B25724D0500CE58A3 /* Swifgen */ = {
			isa = PBXShellScriptBuildPhase;
			buildActionMask = 2147483647;
			files = (
			);
			inputFileListPaths = (
			);
			inputPaths = (
			);
			name = Swifgen;
			outputFileListPaths = (
			);
			outputPaths = (
			);
			runOnlyForDeploymentPostprocessing = 0;
			shellPath = /bin/sh;
			shellScript = "$PROJECT_DIR/$PROJECT_NAME/Util/Config/swiftgen.sh\n";
		};
		9CC2A2E01924B82ED55CFBE8 /* [CP] Embed Pods Frameworks */ = {
			isa = PBXShellScriptBuildPhase;
			buildActionMask = 2147483647;
			files = (
			);
			inputFileListPaths = (
				"${PODS_ROOT}/Target Support Files/Pods-GrckiKino/Pods-GrckiKino-frameworks-${CONFIGURATION}-input-files.xcfilelist",
			);
			name = "[CP] Embed Pods Frameworks";
			outputFileListPaths = (
				"${PODS_ROOT}/Target Support Files/Pods-GrckiKino/Pods-GrckiKino-frameworks-${CONFIGURATION}-output-files.xcfilelist",
			);
			runOnlyForDeploymentPostprocessing = 0;
			shellPath = /bin/sh;
			shellScript = "\"${PODS_ROOT}/Target Support Files/Pods-GrckiKino/Pods-GrckiKino-frameworks.sh\"\n";
			showEnvVarsInLog = 0;
		};
/* End PBXShellScriptBuildPhase section */

/* Begin PBXSourcesBuildPhase section */
		90EF6D3E25724C6300CE58A3 /* Sources */ = {
			isa = PBXSourcesBuildPhase;
			buildActionMask = 2147483647;
			files = (
				905C7CD92572E228004F06F0 /* MainTabBarViewController.swift in Sources */,
				90024CDF2573F36400F9DFC4 /* ResultsViewModel.swift in Sources */,
				905C7D392573CA55004F06F0 /* UITextField.swift in Sources */,
				905C7D4F2573D65E004F06F0 /* NumbersCollectionViewCell.swift in Sources */,
				90EF6DB425725C1B00CE58A3 /* UpcomingRoundsViewController.swift in Sources */,
				90EF6DC325725D7300CE58A3 /* UpcomingRoundsViewModel.swift in Sources */,
				90024CEC2573FEC500F9DFC4 /* ResultsTableViewCell.swift in Sources */,
				905C7D642573E91E004F06F0 /* Array.swift in Sources */,
				90EF6D752572561D00CE58A3 /* UpcomingRoundsTableViewCell.swift in Sources */,
				905C7CE22572E304004F06F0 /* MainFlowController.swift in Sources */,
				90EF6DCA25725F2A00CE58A3 /* DrawingModel.swift in Sources */,
				90EF6DB0257259E300CE58A3 /* Colors.swift in Sources */,
				905C7D412573CAED004F06F0 /* CustomTextField.swift in Sources */,
				90024CD82573F34200F9DFC4 /* ResultsViewController.swift in Sources */,
				90EF6D4625724C6300CE58A3 /* AppDelegate.swift in Sources */,
				90EF6DCE2572627300CE58A3 /* APIManager.swift in Sources */,
				903D6133257411B800DEF52E /* BaseModel.swift in Sources */,
				905C7CE62572E350004F06F0 /* UIWindow.swift in Sources */,
				90024CDC2573F35A00F9DFC4 /* ResultsView.swift in Sources */,
				905C7D492573D454004F06F0 /* CombinationCollectionViewCell.swift in Sources */,
				905C7CEB2572E3F2004F06F0 /* BoardViewController.swift in Sources */,
				905C7D532573DC94004F06F0 /* MainTabBarViewModel.swift in Sources */,
				90EF6DAD257259E300CE58A3 /* Images.swift in Sources */,
				90EF6DBD25725CA000CE58A3 /* BaseViewController.swift in Sources */,
				90EF6D4825724C6300CE58A3 /* SceneDelegate.swift in Sources */,
				905C7CDE2572E2DC004F06F0 /* FlowController.swift in Sources */,
				905C7D3D2573CAC5004F06F0 /* TextFieldView.swift in Sources */,
				90024CE62573FBD900F9DFC4 /* WinningNumbersModel.swift in Sources */,
				90EF6DAE257259E300CE58A3 /* Fonts.swift in Sources */,
				905C7D5A2573E5EF004F06F0 /* DialogViewController.swift in Sources */,
				90EF6D6825724D8200CE58A3 /* Constants.swift in Sources */,
				905C7CEF2572E408004F06F0 /* BoardView.swift in Sources */,
				90EF6DC025725D6800CE58A3 /* UpcomingRoundsView.swift in Sources */,
				90EF6DAF257259E300CE58A3 /* Storyboards.swift in Sources */,
				905C7CFC2572E497004F06F0 /* LiveDrawViewModel.swift in Sources */,
				905C7CF62572E471004F06F0 /* LiveDrawViewController.swift in Sources */,
				905C7CF22572E429004F06F0 /* BoardViewModel.swift in Sources */,
				905C7CF92572E48C004F06F0 /* LiveDrawView.swift in Sources */,
			);
			runOnlyForDeploymentPostprocessing = 0;
		};
/* End PBXSourcesBuildPhase section */

/* Begin PBXVariantGroup section */
		90EF6D4B25724C6300CE58A3 /* Main.storyboard */ = {
			isa = PBXVariantGroup;
			children = (
				90EF6D4C25724C6300CE58A3 /* Base */,
			);
			name = Main.storyboard;
			sourceTree = "<group>";
		};
		90EF6D5025724C6500CE58A3 /* LaunchScreen.storyboard */ = {
			isa = PBXVariantGroup;
			children = (
				90EF6D5125724C6500CE58A3 /* Base */,
			);
			name = LaunchScreen.storyboard;
			sourceTree = "<group>";
		};
/* End PBXVariantGroup section */

/* Begin XCBuildConfiguration section */
		90EF6D5425724C6500CE58A3 /* Debug */ = {
			isa = XCBuildConfiguration;
			buildSettings = {
				ALWAYS_SEARCH_USER_PATHS = NO;
				CLANG_ANALYZER_NONNULL = YES;
				CLANG_ANALYZER_NUMBER_OBJECT_CONVERSION = YES_AGGRESSIVE;
				CLANG_CXX_LANGUAGE_STANDARD = "gnu++14";
				CLANG_CXX_LIBRARY = "libc++";
				CLANG_ENABLE_MODULES = YES;
				CLANG_ENABLE_OBJC_ARC = YES;
				CLANG_ENABLE_OBJC_WEAK = YES;
				CLANG_WARN_BLOCK_CAPTURE_AUTORELEASING = YES;
				CLANG_WARN_BOOL_CONVERSION = YES;
				CLANG_WARN_COMMA = YES;
				CLANG_WARN_CONSTANT_CONVERSION = YES;
				CLANG_WARN_DEPRECATED_OBJC_IMPLEMENTATIONS = YES;
				CLANG_WARN_DIRECT_OBJC_ISA_USAGE = YES_ERROR;
				CLANG_WARN_DOCUMENTATION_COMMENTS = YES;
				CLANG_WARN_EMPTY_BODY = YES;
				CLANG_WARN_ENUM_CONVERSION = YES;
				CLANG_WARN_INFINITE_RECURSION = YES;
				CLANG_WARN_INT_CONVERSION = YES;
				CLANG_WARN_NON_LITERAL_NULL_CONVERSION = YES;
				CLANG_WARN_OBJC_IMPLICIT_RETAIN_SELF = YES;
				CLANG_WARN_OBJC_LITERAL_CONVERSION = YES;
				CLANG_WARN_OBJC_ROOT_CLASS = YES_ERROR;
				CLANG_WARN_QUOTED_INCLUDE_IN_FRAMEWORK_HEADER = YES;
				CLANG_WARN_RANGE_LOOP_ANALYSIS = YES;
				CLANG_WARN_STRICT_PROTOTYPES = YES;
				CLANG_WARN_SUSPICIOUS_MOVE = YES;
				CLANG_WARN_UNGUARDED_AVAILABILITY = YES_AGGRESSIVE;
				CLANG_WARN_UNREACHABLE_CODE = YES;
				CLANG_WARN__DUPLICATE_METHOD_MATCH = YES;
				COPY_PHASE_STRIP = NO;
				DEBUG_INFORMATION_FORMAT = dwarf;
				ENABLE_STRICT_OBJC_MSGSEND = YES;
				ENABLE_TESTABILITY = YES;
				GCC_C_LANGUAGE_STANDARD = gnu11;
				GCC_DYNAMIC_NO_PIC = NO;
				GCC_NO_COMMON_BLOCKS = YES;
				GCC_OPTIMIZATION_LEVEL = 0;
				GCC_PREPROCESSOR_DEFINITIONS = (
					"DEBUG=1",
					"$(inherited)",
				);
				GCC_WARN_64_TO_32_BIT_CONVERSION = YES;
				GCC_WARN_ABOUT_RETURN_TYPE = YES_ERROR;
				GCC_WARN_UNDECLARED_SELECTOR = YES;
				GCC_WARN_UNINITIALIZED_AUTOS = YES_AGGRESSIVE;
				GCC_WARN_UNUSED_FUNCTION = YES;
				GCC_WARN_UNUSED_VARIABLE = YES;
				IPHONEOS_DEPLOYMENT_TARGET = 14.2;
				MTL_ENABLE_DEBUG_INFO = INCLUDE_SOURCE;
				MTL_FAST_MATH = YES;
				ONLY_ACTIVE_ARCH = YES;
				SDKROOT = iphoneos;
				SWIFT_ACTIVE_COMPILATION_CONDITIONS = DEBUG;
				SWIFT_OPTIMIZATION_LEVEL = "-Onone";
			};
			name = Debug;
		};
		90EF6D5525724C6500CE58A3 /* Release */ = {
			isa = XCBuildConfiguration;
			buildSettings = {
				ALWAYS_SEARCH_USER_PATHS = NO;
				CLANG_ANALYZER_NONNULL = YES;
				CLANG_ANALYZER_NUMBER_OBJECT_CONVERSION = YES_AGGRESSIVE;
				CLANG_CXX_LANGUAGE_STANDARD = "gnu++14";
				CLANG_CXX_LIBRARY = "libc++";
				CLANG_ENABLE_MODULES = YES;
				CLANG_ENABLE_OBJC_ARC = YES;
				CLANG_ENABLE_OBJC_WEAK = YES;
				CLANG_WARN_BLOCK_CAPTURE_AUTORELEASING = YES;
				CLANG_WARN_BOOL_CONVERSION = YES;
				CLANG_WARN_COMMA = YES;
				CLANG_WARN_CONSTANT_CONVERSION = YES;
				CLANG_WARN_DEPRECATED_OBJC_IMPLEMENTATIONS = YES;
				CLANG_WARN_DIRECT_OBJC_ISA_USAGE = YES_ERROR;
				CLANG_WARN_DOCUMENTATION_COMMENTS = YES;
				CLANG_WARN_EMPTY_BODY = YES;
				CLANG_WARN_ENUM_CONVERSION = YES;
				CLANG_WARN_INFINITE_RECURSION = YES;
				CLANG_WARN_INT_CONVERSION = YES;
				CLANG_WARN_NON_LITERAL_NULL_CONVERSION = YES;
				CLANG_WARN_OBJC_IMPLICIT_RETAIN_SELF = YES;
				CLANG_WARN_OBJC_LITERAL_CONVERSION = YES;
				CLANG_WARN_OBJC_ROOT_CLASS = YES_ERROR;
				CLANG_WARN_QUOTED_INCLUDE_IN_FRAMEWORK_HEADER = YES;
				CLANG_WARN_RANGE_LOOP_ANALYSIS = YES;
				CLANG_WARN_STRICT_PROTOTYPES = YES;
				CLANG_WARN_SUSPICIOUS_MOVE = YES;
				CLANG_WARN_UNGUARDED_AVAILABILITY = YES_AGGRESSIVE;
				CLANG_WARN_UNREACHABLE_CODE = YES;
				CLANG_WARN__DUPLICATE_METHOD_MATCH = YES;
				COPY_PHASE_STRIP = NO;
				DEBUG_INFORMATION_FORMAT = "dwarf-with-dsym";
				ENABLE_NS_ASSERTIONS = NO;
				ENABLE_STRICT_OBJC_MSGSEND = YES;
				GCC_C_LANGUAGE_STANDARD = gnu11;
				GCC_NO_COMMON_BLOCKS = YES;
				GCC_WARN_64_TO_32_BIT_CONVERSION = YES;
				GCC_WARN_ABOUT_RETURN_TYPE = YES_ERROR;
				GCC_WARN_UNDECLARED_SELECTOR = YES;
				GCC_WARN_UNINITIALIZED_AUTOS = YES_AGGRESSIVE;
				GCC_WARN_UNUSED_FUNCTION = YES;
				GCC_WARN_UNUSED_VARIABLE = YES;
				IPHONEOS_DEPLOYMENT_TARGET = 14.2;
				MTL_ENABLE_DEBUG_INFO = NO;
				MTL_FAST_MATH = YES;
				SDKROOT = iphoneos;
				SWIFT_COMPILATION_MODE = wholemodule;
				SWIFT_OPTIMIZATION_LEVEL = "-O";
				VALIDATE_PRODUCT = YES;
			};
			name = Release;
		};
		90EF6D5725724C6500CE58A3 /* Debug */ = {
			isa = XCBuildConfiguration;
			baseConfigurationReference = AC704138B48CA0104EACEEBC /* Pods-GrckiKino.debug.xcconfig */;
			buildSettings = {
				ASSETCATALOG_COMPILER_APPICON_NAME = AppIcon;
				ASSETCATALOG_COMPILER_GLOBAL_ACCENT_COLOR_NAME = AccentColor;
				CODE_SIGN_STYLE = Automatic;
				DEVELOPMENT_TEAM = T25JQ53ECB;
				INFOPLIST_FILE = GrckiKino/Info.plist;
				LD_RUNPATH_SEARCH_PATHS = (
					"$(inherited)",
					"@executable_path/Frameworks",
				);
				PRODUCT_BUNDLE_IDENTIFIER = com.lazarStojkovic.GrckiKino;
				PRODUCT_NAME = "$(TARGET_NAME)";
				SWIFT_VERSION = 5.0;
				TARGETED_DEVICE_FAMILY = 1;
			};
			name = Debug;
		};
		90EF6D5825724C6500CE58A3 /* Release */ = {
			isa = XCBuildConfiguration;
			baseConfigurationReference = 80D47557851EA33B4C787845 /* Pods-GrckiKino.release.xcconfig */;
			buildSettings = {
				ASSETCATALOG_COMPILER_APPICON_NAME = AppIcon;
				ASSETCATALOG_COMPILER_GLOBAL_ACCENT_COLOR_NAME = AccentColor;
				CODE_SIGN_STYLE = Automatic;
				DEVELOPMENT_TEAM = T25JQ53ECB;
				INFOPLIST_FILE = GrckiKino/Info.plist;
				LD_RUNPATH_SEARCH_PATHS = (
					"$(inherited)",
					"@executable_path/Frameworks",
				);
				PRODUCT_BUNDLE_IDENTIFIER = com.lazarStojkovic.GrckiKino;
				PRODUCT_NAME = "$(TARGET_NAME)";
				SWIFT_VERSION = 5.0;
				TARGETED_DEVICE_FAMILY = 1;
			};
			name = Release;
		};
/* End XCBuildConfiguration section */

/* Begin XCConfigurationList section */
		90EF6D3D25724C6300CE58A3 /* Build configuration list for PBXProject "GrckiKino" */ = {
			isa = XCConfigurationList;
			buildConfigurations = (
				90EF6D5425724C6500CE58A3 /* Debug */,
				90EF6D5525724C6500CE58A3 /* Release */,
			);
			defaultConfigurationIsVisible = 0;
			defaultConfigurationName = Release;
		};
		90EF6D5625724C6500CE58A3 /* Build configuration list for PBXNativeTarget "GrckiKino" */ = {
			isa = XCConfigurationList;
			buildConfigurations = (
				90EF6D5725724C6500CE58A3 /* Debug */,
				90EF6D5825724C6500CE58A3 /* Release */,
			);
			defaultConfigurationIsVisible = 0;
			defaultConfigurationName = Release;
		};
/* End XCConfigurationList section */
	};
	rootObject = 90EF6D3A25724C6300CE58A3 /* Project object */;
}
